<?xml version="1.0" encoding="utf-8"?>
<Project ToolsVersion="4.0" xmlns="http://schemas.microsoft.com/developer/msbuild/2003">
  <ItemGroup>
    <Filter Include="Source">
      <UniqueIdentifier>{4FC737F1-C7A5-4376-A066-2A32D752A2FF}</UniqueIdentifier>
      <Extensions>cpp;c;cc;cxx;c++;cppm;ixx;def;odl;idl;hpj;bat;asm;asmx</Extensions>
    </Filter>
    <Filter Include="Source\MySystem">
      <UniqueIdentifier>{f8a298a7-c685-4d80-af15-6c96eb9e8eac}</UniqueIdentifier>
    </Filter>
    <Filter Include="Source\MySystem\Application">
      <UniqueIdentifier>{4ea12fa9-b66d-4fd3-a356-eadb4ec1ea3c}</UniqueIdentifier>
    </Filter>
    <Filter Include="Source\MySystem\Window">
      <UniqueIdentifier>{1324ec6d-5d77-43af-b0d2-a4a463d0b7e7}</UniqueIdentifier>
    </Filter>
    <Filter Include="Source\MySystem\ProcessingControl">
      <UniqueIdentifier>{9d592bcf-de4d-4427-844c-39724c497b73}</UniqueIdentifier>
    </Filter>
  </ItemGroup>
  <ItemGroup>
    <ClCompile Include="Main.cpp">
      <Filter>Source\MySystem</Filter>
    </ClCompile>
    <ClCompile Include="Window.cpp">
      <Filter>Source\MySystem\Window</Filter>
    </ClCompile>
    <ClCompile Include="ProcessingControl.cpp">
      <Filter>Source\MySystem\ProcessingControl</Filter>
    </ClCompile>
    <ClCompile Include="Application.cpp">
      <Filter>Source\MySystem\Application</Filter>
    </ClCompile>
  </ItemGroup>
  <ItemGroup>
    <ClInclude Include="Window.h">
      <Filter>Source\MySystem\Window</Filter>
    </ClInclude>
    <ClInclude Include="ProcessingControl.h">
      <Filter>Source\MySystem\ProcessingControl</Filter>
    </ClInclude>
    <ClInclude Include="Application.h">
      <Filter>Source\MySystem\Application</Filter>
    </ClInclude>
  </ItemGroup>
</Project>