<?xml version="1.0" encoding="utf-8"?>
<Project ToolsVersion="4.0" xmlns="http://schemas.microsoft.com/developer/msbuild/2003">
  <ItemGroup>
    <Filter Include="Source">
      <UniqueIdentifier>{c94d19b6-2284-4360-8fcf-60ca5547e952}</UniqueIdentifier>
    </Filter>
    <Filter Include="Source\MySystem">
      <UniqueIdentifier>{72c3d877-b9bf-4d7b-92d7-ff5c2c5e6063}</UniqueIdentifier>
    </Filter>
    <Filter Include="Source\Scene">
      <UniqueIdentifier>{90da1a31-c2dc-48d9-91ca-a1b750d172aa}</UniqueIdentifier>
    </Filter>
  </ItemGroup>
  <ItemGroup>
    <ClCompile Include="Main.cpp">
      <Filter>Source\MySystem</Filter>
    </ClCompile>
    <ClCompile Include="Application.cpp">
      <Filter>Source\MySystem</Filter>
    </ClCompile>
    <ClCompile Include="SceneManager.cpp">
      <Filter>Source\Scene</Filter>
    </ClCompile>
    <ClCompile Include="MainMenu.cpp">
      <Filter>Source\Scene</Filter>
    </ClCompile>
    <ClCompile Include="Play.cpp">
      <Filter>Source\Scene</Filter>
    </ClCompile>
    <ClCompile Include="Result.cpp">
      <Filter>Source\Scene</Filter>
    </ClCompile>
  </ItemGroup>
  <ItemGroup>
    <ClInclude Include="Application.h">
      <Filter>Source\MySystem</Filter>
    </ClInclude>
    <ClInclude Include="SceneManager.h">
      <Filter>Source\Scene</Filter>
    </ClInclude>
    <ClInclude Include="Scene.h">
      <Filter>Source\Scene</Filter>
    </ClInclude>
    <ClInclude Include="MainMenu.h">
      <Filter>Source\Scene</Filter>
    </ClInclude>
    <ClInclude Include="Play.h">
      <Filter>Source\Scene</Filter>
    </ClInclude>
    <ClInclude Include="Result.h">
      <Filter>Source\Scene</Filter>
    </ClInclude>
  </ItemGroup>
</Project>